
Microsoft Visual Studio Solution File, Format Version 12.00
# Visual Studio Version 17
VisualStudioVersion = 17.13.35931.197 d17.13
MinimumVisualStudioVersion = 10.0.40219.1
Project("{FAE04EC0-301F-11D3-BF4B-00C04F79EFBC}") = "00_TileCost_Calculator", "00_TileCost_Calculator.csproj", "{34D2B796-48CE-416A-9568-F110873B6FBA}"
EndProject
Global
	GlobalSection(SolutionConfigurationPlatforms) = preSolution
		Debug|Any CPU = Debug|Any CPU
		Release|Any CPU = Release|Any CPU
	EndGlobalSection
	GlobalSection(ProjectConfigurationPlatforms) = postSolution
		{34D2B796-48CE-416A-9568-F110873B6FBA}.Debug|Any CPU.ActiveCfg = Debug|Any CPU
		{34D2B796-48CE-416A-9568-F110873B6FBA}.Debug|Any CPU.Build.0 = Debug|Any CPU
		{34D2B796-48CE-416A-9568-F110873B6FBA}.Release|Any CPU.ActiveCfg = Release|Any CPU
		{34D2B796-48CE-416A-9568-F110873B6FBA}.Release|Any CPU.Build.0 = Release|Any CPU
	EndGlobalSection
	GlobalSection(SolutionProperties) = preSolution
		HideSolutionNode = FALSE
	EndGlobalSection
	GlobalSection(ExtensibilityGlobals) = postSolution
		SolutionGuid = {AB9AF3CC-F80E-48FD-B2B0-17AD846F98F3}
	EndGlobalSection
EndGlobal
